# -------------------------------------------------------------------------- #
#
# Copyright (C) 2022  Intel Corporation. All rights reserved.
# Your use of Intel Corporation's design tools, logic functions 
# and other software and tools, and any partner logic 
# functions, and any output files from any of the foregoing 
# (including device programming or simulation files), and any 
# associated documentation or information are expressly subject 
# to the terms and conditions of the Intel Program License 
# Subscription Agreement, the Intel Quartus Prime License Agreement,
# the Intel FPGA IP License Agreement, or other applicable license
# agreement, including, without limitation, that your use is for
# the sole purpose of programming logic devices manufactured by
# Intel and sold by Intel or its authorized distributors.  Please
# refer to the applicable agreement for further details, at
# https://fpgasoftware.intel.com/eula.
#
# -------------------------------------------------------------------------- #
#
# Quartus Prime
# Version 22.1std.0 Build 915 10/25/2022 SC Standard Edition
# Date created = 10:00:34  September 20, 2026
#
# -------------------------------------------------------------------------- #
#
# Notes:
#
# 1) The default values for assignments are stored in the file:
#		vector06c_assignment_defaults.qdf
#    If this file doesn't exist, see file:
#		assignment_defaults.qdf
#
# 2) Intel recommends that you do not modify this file. This
#    file is updated automatically by the Quartus Prime software
#    and any changes you make may be lost or overwritten.
#
# -------------------------------------------------------------------------- #


set_global_assignment -name FAMILY "Cyclone 10 LP"
set_global_assignment -name DEVICE 10CL025YU256I7G
set_global_assignment -name TOP_LEVEL_ENTITY vector06c
set_global_assignment -name ORIGINAL_QUARTUS_VERSION 22.1STD.0
set_global_assignment -name PROJECT_CREATION_TIME_DATE "10:00:34  SEPTEMBER 20, 2026"
set_global_assignment -name LAST_QUARTUS_VERSION "22.1std.0 Standard Edition"
set_global_assignment -name PROJECT_OUTPUT_DIRECTORY output_files
set_global_assignment -name MIN_CORE_JUNCTION_TEMP "-40"
set_global_assignment -name MAX_CORE_JUNCTION_TEMP 100
set_global_assignment -name DEVICE_FILTER_PACKAGE UFBGA
set_global_assignment -name DEVICE_FILTER_PIN_COUNT 256
set_global_assignment -name DEVICE_FILTER_SPEED_GRADE 7
set_global_assignment -name ERROR_CHECK_FREQUENCY_DIVISOR 1
set_global_assignment -name NOMINAL_CORE_SUPPLY_VOLTAGE 1.2V
set_global_assignment -name EDA_SIMULATION_TOOL "Questa Intel FPGA (Verilog)"
set_global_assignment -name EDA_TIME_SCALE "1 ps" -section_id eda_simulation
set_global_assignment -name EDA_OUTPUT_DATA_FORMAT "VERILOG HDL" -section_id eda_simulation
set_global_assignment -name EDA_GENERATE_FUNCTIONAL_NETLIST OFF -section_id eda_board_design_timing
set_global_assignment -name EDA_GENERATE_FUNCTIONAL_NETLIST OFF -section_id eda_board_design_symbol
set_global_assignment -name EDA_GENERATE_FUNCTIONAL_NETLIST OFF -section_id eda_board_design_signal_integrity
set_global_assignment -name EDA_GENERATE_FUNCTIONAL_NETLIST OFF -section_id eda_board_design_boundary_scan
set_global_assignment -name NUM_PARALLEL_PROCESSORS 16
set_global_assignment -name VERILOG_FILE vm80a.v
set_global_assignment -name VERILOG_FILE spi.v
set_global_assignment -name VERILOG_FILE programmer.v
set_global_assignment -name VERILOG_FILE keyboard_usb.v
set_global_assignment -name VERILOG_FILE hdmi.v
set_global_assignment -name VERILOG_FILE vector06c.v
set_global_assignment -name POWER_PRESET_COOLING_SOLUTION "23 MM HEAT SINK WITH 200 LFPM AIRFLOW"
set_global_assignment -name POWER_BOARD_THERMAL_MODEL "NONE (CONSERVATIVE)"
set_global_assignment -name QIP_FILE main_pll.qip
set_global_assignment -name PARTITION_NETLIST_TYPE SOURCE -section_id Top
set_global_assignment -name PARTITION_FITTER_PRESERVATION_LEVEL PLACEMENT_AND_ROUTING -section_id Top
set_global_assignment -name PARTITION_COLOR 16764057 -section_id Top
set_global_assignment -name QIP_FILE DDIO.qip
set_global_assignment -name VERILOG_FILE videoprocessor.v
set_global_assignment -name QIP_FILE VRAM.qip
set_location_assignment PIN_R11 -to tmds[2]
set_location_assignment PIN_R12 -to tmds[1]
set_location_assignment PIN_R13 -to tmds[0]
set_location_assignment PIN_T14 -to tmdsc
set_instance_assignment -name IO_STANDARD LVDS_E_3R -to tmds[2]
set_location_assignment PIN_T11 -to "tmds[2](n)"
set_instance_assignment -name IO_STANDARD LVDS_E_3R -to tmds[1]
set_location_assignment PIN_T12 -to "tmds[1](n)"
set_instance_assignment -name IO_STANDARD LVDS_E_3R -to tmds[0]
set_location_assignment PIN_T13 -to "tmds[0](n)"
set_instance_assignment -name IO_STANDARD LVDS_E_3R -to tmds
set_instance_assignment -name IO_STANDARD LVDS_E_3R -to tmdsc
set_location_assignment PIN_T15 -to "tmdsc(n)"
set_location_assignment PIN_L15 -to ER_ADD[18]
set_location_assignment PIN_E8 -to ER_ADD[17]
set_location_assignment PIN_A7 -to ER_ADD[16]
set_location_assignment PIN_D8 -to ER_ADD[15]
set_location_assignment PIN_L13 -to ER_ADD[14]
set_location_assignment PIN_L16 -to ER_ADD[13]
set_location_assignment PIN_K15 -to ER_ADD[12]
set_location_assignment PIN_L14 -to ER_ADD[11]
set_location_assignment PIN_J13 -to ER_ADD[10]
set_location_assignment PIN_B7 -to ER_ADD[9]
set_location_assignment PIN_A6 -to ER_ADD[8]
set_location_assignment PIN_B6 -to ER_ADD[7]
set_location_assignment PIN_A5 -to ER_ADD[6]
set_location_assignment PIN_E7 -to ER_ADD[5]
set_location_assignment PIN_C3 -to ER_ADD[4]
set_location_assignment PIN_D3 -to ER_ADD[3]
set_location_assignment PIN_B1 -to ER_ADD[2]
set_location_assignment PIN_C2 -to ER_ADD[1]
set_location_assignment PIN_D1 -to ER_ADD[0]
set_location_assignment PIN_C9 -to ER_BH
set_location_assignment PIN_D9 -to ER_BL
set_location_assignment PIN_B3 -to ER_CS
set_location_assignment PIN_C6 -to ER_D[7]
set_location_assignment PIN_D6 -to ER_D[6]
set_location_assignment PIN_E6 -to ER_D[5]
set_location_assignment PIN_A4 -to ER_D[4]
set_location_assignment PIN_A2 -to ER_D[3]
set_location_assignment PIN_F8 -to ER_D[2]
set_location_assignment PIN_B4 -to ER_D[1]
set_location_assignment PIN_A3 -to ER_D[0]
set_location_assignment PIN_C8 -to ER_OE
set_location_assignment PIN_B5 -to ER_WE
set_location_assignment PIN_F15 -to MISO
set_location_assignment PIN_G15 -to MOSI
set_location_assignment PIN_G16 -to SCK
set_location_assignment PIN_F16 -to SPI_CS
set_location_assignment PIN_E2 -to clk
set_location_assignment PIN_B9 -to rst
set_global_assignment -name ENABLE_OCT_DONE OFF
set_global_assignment -name USE_CONFIGURATION_DEVICE OFF
set_global_assignment -name CRC_ERROR_OPEN_DRAIN OFF
set_global_assignment -name CYCLONEII_RESERVE_NCEO_AFTER_CONFIGURATION "USE AS REGULAR IO"
set_global_assignment -name RESERVE_DATA0_AFTER_CONFIGURATION "USE AS REGULAR IO"
set_global_assignment -name RESERVE_DATA1_AFTER_CONFIGURATION "USE AS REGULAR IO"
set_global_assignment -name RESERVE_FLASH_NCE_AFTER_CONFIGURATION "USE AS REGULAR IO"
set_global_assignment -name RESERVE_DCLK_AFTER_CONFIGURATION "USE AS REGULAR IO"
set_global_assignment -name OUTPUT_IO_TIMING_NEAR_END_VMEAS "HALF VCCIO" -rise
set_global_assignment -name OUTPUT_IO_TIMING_NEAR_END_VMEAS "HALF VCCIO" -fall
set_global_assignment -name OUTPUT_IO_TIMING_FAR_END_VMEAS "HALF SIGNAL SWING" -rise
set_global_assignment -name OUTPUT_IO_TIMING_FAR_END_VMEAS "HALF SIGNAL SWING" -fall
set_global_assignment -name VERILOG_FILE din7seg.v
set_location_assignment PIN_D16 -to RAZR[7]
set_location_assignment PIN_J15 -to RAZR[6]
set_location_assignment PIN_D15 -to RAZR[5]
set_location_assignment PIN_D12 -to RAZR[4]
set_location_assignment PIN_F14 -to RAZR[3]
set_location_assignment PIN_J14 -to RAZR[2]
set_location_assignment PIN_F13 -to RAZR[1]
set_location_assignment PIN_K16 -to RAZR[0]
set_location_assignment PIN_C11 -to SEG[7]
set_location_assignment PIN_F9 -to SEG[6]
set_location_assignment PIN_E11 -to SEG[5]
set_location_assignment PIN_D11 -to SEG[4]
set_location_assignment PIN_B10 -to SEG[3]
set_location_assignment PIN_A10 -to SEG[2]
set_location_assignment PIN_E9 -to SEG[1]
set_location_assignment PIN_E10 -to SEG[0]
set_location_assignment PIN_A9 -to HOLD
set_location_assignment PIN_N9 -to LED
set_global_assignment -name QIP_FILE LOADER.qip
set_location_assignment PIN_N12 -to ER_D[15]
set_location_assignment PIN_P14 -to ER_D[14]
set_location_assignment PIN_N14 -to ER_D[13]
set_location_assignment PIN_R16 -to ER_D[12]
set_location_assignment PIN_P15 -to ER_D[11]
set_location_assignment PIN_P16 -to ER_D[10]
set_location_assignment PIN_N15 -to ER_D[9]
set_location_assignment PIN_N16 -to ER_D[8]
set_global_assignment -name VERILOG_FILE spi_rom.v
set_global_assignment -name QIP_FILE ZROM.qip
set_global_assignment -name QIP_FILE LOADER8.qip
set_global_assignment -name VERILOG_FILE k580vi53.v
set_location_assignment PIN_R14 -to BEEP
set_location_assignment PIN_B13 -to KB_CS
set_location_assignment PIN_B12 -to KB_LATCH
set_location_assignment PIN_B14 -to KB_MOSI
set_location_assignment PIN_C16 -to KB_SCK
set_location_assignment PIN_B8 -to MAG_IN
set_location_assignment PIN_C15 -to MAG_OUT
set_location_assignment PIN_D14 -to SW[1]
set_location_assignment PIN_C14 -to SW[0]
set_instance_assignment -name PARTITION_HIERARCHY root_partition -to | -section_id Top